
Microsoft Visual Studio Solution File, Format Version 12.00
# Visual Studio Version 16
VisualStudioVersion = 16.0.29306.81
MinimumVisualStudioVersion = 10.0.40219.1
Project("{FAE04EC0-301F-11D3-BF4B-00C04F79EFBC}") = "Banco Sul", "Banco Sul\Banco Sul.csproj", "{2535D37B-E725-4845-BE0E-7A2D12DFFCEF}"
EndProject
Global
	GlobalSection(SolutionConfigurationPlatforms) = preSolution
		Debug|Any CPU = Debug|Any CPU
		Release|Any CPU = Release|Any CPU
	EndGlobalSection
	GlobalSection(ProjectConfigurationPlatforms) = postSolution
		{2535D37B-E725-4845-BE0E-7A2D12DFFCEF}.Debug|Any CPU.ActiveCfg = Debug|Any CPU
		{2535D37B-E725-4845-BE0E-7A2D12DFFCEF}.Debug|Any CPU.Build.0 = Debug|Any CPU
		{2535D37B-E725-4845-BE0E-7A2D12DFFCEF}.Release|Any CPU.ActiveCfg = Release|Any CPU
		{2535D37B-E725-4845-BE0E-7A2D12DFFCEF}.Release|Any CPU.Build.0 = Release|Any CPU
	EndGlobalSection
	GlobalSection(SolutionProperties) = preSolution
		HideSolutionNode = FALSE
	EndGlobalSection
	GlobalSection(ExtensibilityGlobals) = postSolution
		SolutionGuid = {C0A7BA09-2706-4EBD-B17A-E1B72F6B124A}
	EndGlobalSection
EndGlobal
